
Microsoft Visual Studio Solution File, Format Version 12.00
# Visual Studio Version 17
VisualStudioVersion = 17.9.34728.123
MinimumVisualStudioVersion = 10.0.40219.1
Project("{9A19103F-16F7-4668-BE54-9A1E7A4F7556}") = "AvaFront.API", "AvaFront.API.csproj", "{7CF4AD9D-4F0C-4D9A-8682-C4DA96B2F01E}"
EndProject
Project("{9A19103F-16F7-4668-BE54-9A1E7A4F7556}") = "AvaFront.AutoGen", "..\AvaFrontAutogen\AvaFront.AutoGen.csproj", "{2F95F03A-C9B5-4ECF-8586-EEED4C8C1DFA}"
EndProject
Project("{9A19103F-16F7-4668-BE54-9A1E7A4F7556}") = "AvaFront.Infrastructure", "..\AvaFront.Infrastructure\AvaFront.Infrastructure.csproj", "{B2A2DDE1-7C98-4854-9EF6-DC4896209D71}"
EndProject
Project("{FAE04EC0-301F-11D3-BF4B-00C04F79EFBC}") = "AvaFront.Shared", "..\AvaFront.Shared\AvaFront.Shared.csproj", "{11CC1C35-7E10-4A8B-93A1-40CF36BA70A1}"
EndProject
Global
	GlobalSection(SolutionConfigurationPlatforms) = preSolution
		Debug|Any CPU = Debug|Any CPU
		Release|Any CPU = Release|Any CPU
	EndGlobalSection
	GlobalSection(ProjectConfigurationPlatforms) = postSolution
		{7CF4AD9D-4F0C-4D9A-8682-C4DA96B2F01E}.Debug|Any CPU.ActiveCfg = Debug|Any CPU
		{7CF4AD9D-4F0C-4D9A-8682-C4DA96B2F01E}.Debug|Any CPU.Build.0 = Debug|Any CPU
		{7CF4AD9D-4F0C-4D9A-8682-C4DA96B2F01E}.Release|Any CPU.ActiveCfg = Release|Any CPU
		{7CF4AD9D-4F0C-4D9A-8682-C4DA96B2F01E}.Release|Any CPU.Build.0 = Release|Any CPU
		{2F95F03A-C9B5-4ECF-8586-EEED4C8C1DFA}.Debug|Any CPU.ActiveCfg = Debug|Any CPU
		{2F95F03A-C9B5-4ECF-8586-EEED4C8C1DFA}.Debug|Any CPU.Build.0 = Debug|Any CPU
		{2F95F03A-C9B5-4ECF-8586-EEED4C8C1DFA}.Release|Any CPU.ActiveCfg = Release|Any CPU
		{2F95F03A-C9B5-4ECF-8586-EEED4C8C1DFA}.Release|Any CPU.Build.0 = Release|Any CPU
		{B2A2DDE1-7C98-4854-9EF6-DC4896209D71}.Debug|Any CPU.ActiveCfg = Debug|Any CPU
		{B2A2DDE1-7C98-4854-9EF6-DC4896209D71}.Debug|Any CPU.Build.0 = Debug|Any CPU
		{B2A2DDE1-7C98-4854-9EF6-DC4896209D71}.Release|Any CPU.ActiveCfg = Release|Any CPU
		{B2A2DDE1-7C98-4854-9EF6-DC4896209D71}.Release|Any CPU.Build.0 = Release|Any CPU
		{11CC1C35-7E10-4A8B-93A1-40CF36BA70A1}.Debug|Any CPU.ActiveCfg = Debug|Any CPU
		{11CC1C35-7E10-4A8B-93A1-40CF36BA70A1}.Debug|Any CPU.Build.0 = Debug|Any CPU
		{11CC1C35-7E10-4A8B-93A1-40CF36BA70A1}.Release|Any CPU.ActiveCfg = Release|Any CPU
		{11CC1C35-7E10-4A8B-93A1-40CF36BA70A1}.Release|Any CPU.Build.0 = Release|Any CPU
	EndGlobalSection
	GlobalSection(SolutionProperties) = preSolution
		HideSolutionNode = FALSE
	EndGlobalSection
	GlobalSection(ExtensibilityGlobals) = postSolution
		SolutionGuid = {1E8F1046-3FA2-4BB7-97C0-A071277027D8}
	EndGlobalSection
EndGlobal
